
Microsoft Visual Studio Solution File, Format Version 12.00
# Visual Studio Version 17
VisualStudioVersion = 17.3.32922.545
MinimumVisualStudioVersion = 10.0.40219.1
Project("{FAE04EC0-301F-11D3-BF4B-00C04F79EFBC}") = "Eje5_AlisonMacis", "Eje5_AlisonMacis\Eje5_AlisonMacis.csproj", "{1E16EFDD-467D-4F7B-A0E7-C6BA8ABFC524}"
EndProject
Global
	GlobalSection(SolutionConfigurationPlatforms) = preSolution
		Debug|Any CPU = Debug|Any CPU
		Release|Any CPU = Release|Any CPU
	EndGlobalSection
	GlobalSection(ProjectConfigurationPlatforms) = postSolution
		{1E16EFDD-467D-4F7B-A0E7-C6BA8ABFC524}.Debug|Any CPU.ActiveCfg = Debug|Any CPU
		{1E16EFDD-467D-4F7B-A0E7-C6BA8ABFC524}.Debug|Any CPU.Build.0 = Debug|Any CPU
		{1E16EFDD-467D-4F7B-A0E7-C6BA8ABFC524}.Release|Any CPU.ActiveCfg = Release|Any CPU
		{1E16EFDD-467D-4F7B-A0E7-C6BA8ABFC524}.Release|Any CPU.Build.0 = Release|Any CPU
	EndGlobalSection
	GlobalSection(SolutionProperties) = preSolution
		HideSolutionNode = FALSE
	EndGlobalSection
	GlobalSection(ExtensibilityGlobals) = postSolution
		SolutionGuid = {20F0203E-9519-41B0-BB7A-C229DA2D573A}
	EndGlobalSection
EndGlobal
