
Microsoft Visual Studio Solution File, Format Version 12.00
# Visual Studio Version 17
VisualStudioVersion = 17.3.32922.545
MinimumVisualStudioVersion = 10.0.40219.1
Project("{FAE04EC0-301F-11D3-BF4B-00C04F79EFBC}") = "Ejer9_AlisonMacis", "Ejer9_AlisonMacis\Ejer9_AlisonMacis.csproj", "{FBD1AE3A-23D1-468B-9A57-FBE3E66EA2F2}"
EndProject
Global
	GlobalSection(SolutionConfigurationPlatforms) = preSolution
		Debug|Any CPU = Debug|Any CPU
		Release|Any CPU = Release|Any CPU
	EndGlobalSection
	GlobalSection(ProjectConfigurationPlatforms) = postSolution
		{FBD1AE3A-23D1-468B-9A57-FBE3E66EA2F2}.Debug|Any CPU.ActiveCfg = Debug|Any CPU
		{FBD1AE3A-23D1-468B-9A57-FBE3E66EA2F2}.Debug|Any CPU.Build.0 = Debug|Any CPU
		{FBD1AE3A-23D1-468B-9A57-FBE3E66EA2F2}.Release|Any CPU.ActiveCfg = Release|Any CPU
		{FBD1AE3A-23D1-468B-9A57-FBE3E66EA2F2}.Release|Any CPU.Build.0 = Release|Any CPU
	EndGlobalSection
	GlobalSection(SolutionProperties) = preSolution
		HideSolutionNode = FALSE
	EndGlobalSection
	GlobalSection(ExtensibilityGlobals) = postSolution
		SolutionGuid = {D055C517-9847-4C21-852D-C1EE1B4D405C}
	EndGlobalSection
EndGlobal
