
Microsoft Visual Studio Solution File, Format Version 12.00
# Visual Studio Version 17
VisualStudioVersion = 17.3.32922.545
MinimumVisualStudioVersion = 10.0.40219.1
Project("{FAE04EC0-301F-11D3-BF4B-00C04F79EFBC}") = "Eje7_AlisonMacis", "Eje7_AlisonMacis\Eje7_AlisonMacis.csproj", "{C07C9D45-B281-43FE-8507-1A2A1A52E821}"
EndProject
Global
	GlobalSection(SolutionConfigurationPlatforms) = preSolution
		Debug|Any CPU = Debug|Any CPU
		Release|Any CPU = Release|Any CPU
	EndGlobalSection
	GlobalSection(ProjectConfigurationPlatforms) = postSolution
		{C07C9D45-B281-43FE-8507-1A2A1A52E821}.Debug|Any CPU.ActiveCfg = Debug|Any CPU
		{C07C9D45-B281-43FE-8507-1A2A1A52E821}.Debug|Any CPU.Build.0 = Debug|Any CPU
		{C07C9D45-B281-43FE-8507-1A2A1A52E821}.Release|Any CPU.ActiveCfg = Release|Any CPU
		{C07C9D45-B281-43FE-8507-1A2A1A52E821}.Release|Any CPU.Build.0 = Release|Any CPU
	EndGlobalSection
	GlobalSection(SolutionProperties) = preSolution
		HideSolutionNode = FALSE
	EndGlobalSection
	GlobalSection(ExtensibilityGlobals) = postSolution
		SolutionGuid = {18665068-1A66-4715-AB75-BDC57CD61F00}
	EndGlobalSection
EndGlobal
