
Microsoft Visual Studio Solution File, Format Version 12.00
# Visual Studio Version 17
VisualStudioVersion = 17.3.32922.545
MinimumVisualStudioVersion = 10.0.40219.1
Project("{FAE04EC0-301F-11D3-BF4B-00C04F79EFBC}") = "Eje2_AlisonMacis", "Eje2_AlisonMacis\Eje2_AlisonMacis.csproj", "{EE33A26E-9EF5-466B-BEEF-3EF19F13227E}"
EndProject
Global
	GlobalSection(SolutionConfigurationPlatforms) = preSolution
		Debug|Any CPU = Debug|Any CPU
		Release|Any CPU = Release|Any CPU
	EndGlobalSection
	GlobalSection(ProjectConfigurationPlatforms) = postSolution
		{EE33A26E-9EF5-466B-BEEF-3EF19F13227E}.Debug|Any CPU.ActiveCfg = Debug|Any CPU
		{EE33A26E-9EF5-466B-BEEF-3EF19F13227E}.Debug|Any CPU.Build.0 = Debug|Any CPU
		{EE33A26E-9EF5-466B-BEEF-3EF19F13227E}.Release|Any CPU.ActiveCfg = Release|Any CPU
		{EE33A26E-9EF5-466B-BEEF-3EF19F13227E}.Release|Any CPU.Build.0 = Release|Any CPU
	EndGlobalSection
	GlobalSection(SolutionProperties) = preSolution
		HideSolutionNode = FALSE
	EndGlobalSection
	GlobalSection(ExtensibilityGlobals) = postSolution
		SolutionGuid = {CB1C164F-4A34-47DE-AFA2-E276696E7805}
	EndGlobalSection
EndGlobal
