
Microsoft Visual Studio Solution File, Format Version 12.00
# Visual Studio Version 17
VisualStudioVersion = 17.3.32922.545
MinimumVisualStudioVersion = 10.0.40219.1
Project("{FAE04EC0-301F-11D3-BF4B-00C04F79EFBC}") = "Eje6_AlisonMacis", "Eje6_AlisonMacis\Eje6_AlisonMacis.csproj", "{7763B652-8EFA-4DAC-9ABF-949F96EB8D3C}"
EndProject
Global
	GlobalSection(SolutionConfigurationPlatforms) = preSolution
		Debug|Any CPU = Debug|Any CPU
		Release|Any CPU = Release|Any CPU
	EndGlobalSection
	GlobalSection(ProjectConfigurationPlatforms) = postSolution
		{7763B652-8EFA-4DAC-9ABF-949F96EB8D3C}.Debug|Any CPU.ActiveCfg = Debug|Any CPU
		{7763B652-8EFA-4DAC-9ABF-949F96EB8D3C}.Debug|Any CPU.Build.0 = Debug|Any CPU
		{7763B652-8EFA-4DAC-9ABF-949F96EB8D3C}.Release|Any CPU.ActiveCfg = Release|Any CPU
		{7763B652-8EFA-4DAC-9ABF-949F96EB8D3C}.Release|Any CPU.Build.0 = Release|Any CPU
	EndGlobalSection
	GlobalSection(SolutionProperties) = preSolution
		HideSolutionNode = FALSE
	EndGlobalSection
	GlobalSection(ExtensibilityGlobals) = postSolution
		SolutionGuid = {AF1D4F37-FDAD-4130-AB54-1EBDFE90A293}
	EndGlobalSection
EndGlobal
